
Microsoft Visual Studio Solution File, Format Version 12.00
# Visual Studio Version 16
VisualStudioVersion = 16.0.31729.503
MinimumVisualStudioVersion = 10.0.40219.1
Project("{9A19103F-16F7-4668-BE54-9A1E7A4F7556}") = "SupMark.Services", "SupMark.Services\SupMark.Services.csproj", "{9A1A6CD7-7912-4953-B106-BC5AF324E92A}"
EndProject
Project("{9A19103F-16F7-4668-BE54-9A1E7A4F7556}") = "SupMark.API", "SupMark.API\SupMark.API.csproj", "{0400F0B5-4E57-40A6-BF40-EB009032A771}"
EndProject
Project("{9A19103F-16F7-4668-BE54-9A1E7A4F7556}") = "SupMark.Core", "SupMark.Core\SupMark.Core.csproj", "{CC23BE49-D05A-4596-A4A5-7C7321404B6D}"
EndProject
Project("{9A19103F-16F7-4668-BE54-9A1E7A4F7556}") = "SupMark.Infrastructure", "SupMark.Infrastructure\SupMark.Infrastructure.csproj", "{4172342D-609B-44C4-9F75-848F8892A442}"
EndProject
Project("{FAE04EC0-301F-11D3-BF4B-00C04F79EFBC}") = "SupMark.Authentication", "SupMark.Authentication\SupMark.Authentication.csproj", "{1EAD6304-9811-43C8-A470-33893DC9743C}"
EndProject
Global
	GlobalSection(SolutionConfigurationPlatforms) = preSolution
		Debug|Any CPU = Debug|Any CPU
		Release|Any CPU = Release|Any CPU
	EndGlobalSection
	GlobalSection(ProjectConfigurationPlatforms) = postSolution
		{9A1A6CD7-7912-4953-B106-BC5AF324E92A}.Debug|Any CPU.ActiveCfg = Debug|Any CPU
		{9A1A6CD7-7912-4953-B106-BC5AF324E92A}.Debug|Any CPU.Build.0 = Debug|Any CPU
		{9A1A6CD7-7912-4953-B106-BC5AF324E92A}.Release|Any CPU.ActiveCfg = Release|Any CPU
		{9A1A6CD7-7912-4953-B106-BC5AF324E92A}.Release|Any CPU.Build.0 = Release|Any CPU
		{0400F0B5-4E57-40A6-BF40-EB009032A771}.Debug|Any CPU.ActiveCfg = Debug|Any CPU
		{0400F0B5-4E57-40A6-BF40-EB009032A771}.Debug|Any CPU.Build.0 = Debug|Any CPU
		{0400F0B5-4E57-40A6-BF40-EB009032A771}.Release|Any CPU.ActiveCfg = Release|Any CPU
		{0400F0B5-4E57-40A6-BF40-EB009032A771}.Release|Any CPU.Build.0 = Release|Any CPU
		{CC23BE49-D05A-4596-A4A5-7C7321404B6D}.Debug|Any CPU.ActiveCfg = Debug|Any CPU
		{CC23BE49-D05A-4596-A4A5-7C7321404B6D}.Debug|Any CPU.Build.0 = Debug|Any CPU
		{CC23BE49-D05A-4596-A4A5-7C7321404B6D}.Release|Any CPU.ActiveCfg = Release|Any CPU
		{CC23BE49-D05A-4596-A4A5-7C7321404B6D}.Release|Any CPU.Build.0 = Release|Any CPU
		{4172342D-609B-44C4-9F75-848F8892A442}.Debug|Any CPU.ActiveCfg = Debug|Any CPU
		{4172342D-609B-44C4-9F75-848F8892A442}.Debug|Any CPU.Build.0 = Debug|Any CPU
		{4172342D-609B-44C4-9F75-848F8892A442}.Release|Any CPU.ActiveCfg = Release|Any CPU
		{4172342D-609B-44C4-9F75-848F8892A442}.Release|Any CPU.Build.0 = Release|Any CPU
		{1EAD6304-9811-43C8-A470-33893DC9743C}.Debug|Any CPU.ActiveCfg = Debug|Any CPU
		{1EAD6304-9811-43C8-A470-33893DC9743C}.Debug|Any CPU.Build.0 = Debug|Any CPU
		{1EAD6304-9811-43C8-A470-33893DC9743C}.Release|Any CPU.ActiveCfg = Release|Any CPU
		{1EAD6304-9811-43C8-A470-33893DC9743C}.Release|Any CPU.Build.0 = Release|Any CPU
	EndGlobalSection
	GlobalSection(SolutionProperties) = preSolution
		HideSolutionNode = FALSE
	EndGlobalSection
	GlobalSection(ExtensibilityGlobals) = postSolution
		SolutionGuid = {44183F17-4AFE-4E04-9616-BC46DE1E8CD5}
	EndGlobalSection
EndGlobal
